
Microsoft Visual Studio Solution File, Format Version 12.00
# Visual Studio Version 17
VisualStudioVersion = 17.1.32328.378
MinimumVisualStudioVersion = 10.0.40219.1
Project("{FAE04EC0-301F-11D3-BF4B-00C04F79EFBC}") = "WordPad_WF", "WordPad_WF\WordPad_WF.csproj", "{2565322D-2B76-472F-A9A5-265DDC94FCF7}"
EndProject
Global
	GlobalSection(SolutionConfigurationPlatforms) = preSolution
		Debug|Any CPU = Debug|Any CPU
		Release|Any CPU = Release|Any CPU
	EndGlobalSection
	GlobalSection(ProjectConfigurationPlatforms) = postSolution
		{2565322D-2B76-472F-A9A5-265DDC94FCF7}.Debug|Any CPU.ActiveCfg = Debug|Any CPU
		{2565322D-2B76-472F-A9A5-265DDC94FCF7}.Debug|Any CPU.Build.0 = Debug|Any CPU
		{2565322D-2B76-472F-A9A5-265DDC94FCF7}.Release|Any CPU.ActiveCfg = Release|Any CPU
		{2565322D-2B76-472F-A9A5-265DDC94FCF7}.Release|Any CPU.Build.0 = Release|Any CPU
	EndGlobalSection
	GlobalSection(SolutionProperties) = preSolution
		HideSolutionNode = FALSE
	EndGlobalSection
	GlobalSection(ExtensibilityGlobals) = postSolution
		SolutionGuid = {96FF627B-87A7-4F39-9CFA-95AC6B32A330}
	EndGlobalSection
EndGlobal
